
Microsoft Visual Studio Solution File, Format Version 12.00
# Visual Studio Version 17
VisualStudioVersion = 17.14.36429.23 d17.14
MinimumVisualStudioVersion = 10.0.40219.1
Project("{FAE04EC0-301F-11D3-BF4B-00C04F79EFBC}") = "Практическая №5", "Практическая №5.csproj", "{0114535C-B5DA-4C12-AA9D-4BE6AC08A744}"
EndProject
Global
	GlobalSection(SolutionConfigurationPlatforms) = preSolution
		Debug|Any CPU = Debug|Any CPU
		Release|Any CPU = Release|Any CPU
	EndGlobalSection
	GlobalSection(ProjectConfigurationPlatforms) = postSolution
		{0114535C-B5DA-4C12-AA9D-4BE6AC08A744}.Debug|Any CPU.ActiveCfg = Debug|Any CPU
		{0114535C-B5DA-4C12-AA9D-4BE6AC08A744}.Debug|Any CPU.Build.0 = Debug|Any CPU
		{0114535C-B5DA-4C12-AA9D-4BE6AC08A744}.Release|Any CPU.ActiveCfg = Release|Any CPU
		{0114535C-B5DA-4C12-AA9D-4BE6AC08A744}.Release|Any CPU.Build.0 = Release|Any CPU
	EndGlobalSection
	GlobalSection(SolutionProperties) = preSolution
		HideSolutionNode = FALSE
	EndGlobalSection
	GlobalSection(ExtensibilityGlobals) = postSolution
		SolutionGuid = {7C8BBAD0-6F23-4809-836F-393A5176BCC2}
	EndGlobalSection
EndGlobal
